// !$*UTF8*$!
{
	archiveVersion = 1;
	classes = {
	};
	objectVersion = 56;
	objects = {

/* Begin PBXBuildFile section */
		1C5FF41529C5D00B009C28CD /* SplashScreen.swift in Sources */ = {isa = PBXBuildFile; fileRef = 1C5FF41429C5D00B009C28CD /* SplashScreen.swift */; };
		1C5FF41729C5D026009C28CD /* OnBoarding.swift in Sources */ = {isa = PBXBuildFile; fileRef = 1C5FF41629C5D026009C28CD /* OnBoarding.swift */; };
		4D3AA99D29C4E650000C1DE0 /* InvestigationView.swift in Sources */ = {isa = PBXBuildFile; fileRef = 4D3AA99C29C4E650000C1DE0 /* InvestigationView.swift */; };
		4DA470D029C3B0C500014544 /* OpenAIService.swift in Sources */ = {isa = PBXBuildFile; fileRef = 4DA470CF29C3B0C500014544 /* OpenAIService.swift */; };
		62B46FB529C240DE00C362E8 /* SaudiChatGPTApp.swift in Sources */ = {isa = PBXBuildFile; fileRef = 62B46FB429C240DE00C362E8 /* SaudiChatGPTApp.swift */; };
		62B46FB929C240E000C362E8 /* Assets.xcassets in Resources */ = {isa = PBXBuildFile; fileRef = 62B46FB829C240E000C362E8 /* Assets.xcassets */; };
		62B46FBC29C240E000C362E8 /* Preview Assets.xcassets in Resources */ = {isa = PBXBuildFile; fileRef = 62B46FBB29C240E000C362E8 /* Preview Assets.xcassets */; };
		62B46FC529C26CD700C362E8 /* OldOpenAIService.swift in Sources */ = {isa = PBXBuildFile; fileRef = 62B46FC429C26CD700C362E8 /* OldOpenAIService.swift */; };
		62B46FC829C26D5700C362E8 /* Alamofire in Frameworks */ = {isa = PBXBuildFile; productRef = 62B46FC729C26D5700C362E8 /* Alamofire */; };
/* End PBXBuildFile section */

/* Begin PBXFileReference section */
		1C5FF41429C5D00B009C28CD /* SplashScreen.swift */ = {isa = PBXFileReference; lastKnownFileType = sourcecode.swift; path = SplashScreen.swift; sourceTree = "<group>"; };
		1C5FF41629C5D026009C28CD /* OnBoarding.swift */ = {isa = PBXFileReference; lastKnownFileType = sourcecode.swift; path = OnBoarding.swift; sourceTree = "<group>"; };
		4D3AA99C29C4E650000C1DE0 /* InvestigationView.swift */ = {isa = PBXFileReference; lastKnownFileType = sourcecode.swift; path = InvestigationView.swift; sourceTree = "<group>"; };
		4DA470CF29C3B0C500014544 /* OpenAIService.swift */ = {isa = PBXFileReference; lastKnownFileType = sourcecode.swift; path = OpenAIService.swift; sourceTree = "<group>"; };
		62B46FB129C240DE00C362E8 /* SaudiChatGPT.app */ = {isa = PBXFileReference; explicitFileType = wrapper.application; includeInIndex = 0; path = SaudiChatGPT.app; sourceTree = BUILT_PRODUCTS_DIR; };
		62B46FB429C240DE00C362E8 /* SaudiChatGPTApp.swift */ = {isa = PBXFileReference; lastKnownFileType = sourcecode.swift; path = SaudiChatGPTApp.swift; sourceTree = "<group>"; };
		62B46FB829C240E000C362E8 /* Assets.xcassets */ = {isa = PBXFileReference; lastKnownFileType = folder.assetcatalog; path = Assets.xcassets; sourceTree = "<group>"; };
		62B46FBB29C240E000C362E8 /* Preview Assets.xcassets */ = {isa = PBXFileReference; lastKnownFileType = folder.assetcatalog; path = "Preview Assets.xcassets"; sourceTree = "<group>"; };
		62B46FC429C26CD700C362E8 /* OldOpenAIService.swift */ = {isa = PBXFileReference; lastKnownFileType = sourcecode.swift; path = OldOpenAIService.swift; sourceTree = "<group>"; };
/* End PBXFileReference section */

/* Begin PBXFrameworksBuildPhase section */
		62B46FAE29C240DE00C362E8 /* Frameworks */ = {
			isa = PBXFrameworksBuildPhase;
			buildActionMask = 2147483647;
			files = (
				62B46FC829C26D5700C362E8 /* Alamofire in Frameworks */,
			);
			runOnlyForDeploymentPostprocessing = 0;
		};
/* End PBXFrameworksBuildPhase section */

/* Begin PBXGroup section */
		62B46FA829C240DE00C362E8 = {
			isa = PBXGroup;
			children = (
				62B46FB329C240DE00C362E8 /* SaudiChatGPT */,
				62B46FB229C240DE00C362E8 /* Products */,
			);
			sourceTree = "<group>";
		};
		62B46FB229C240DE00C362E8 /* Products */ = {
			isa = PBXGroup;
			children = (
				62B46FB129C240DE00C362E8 /* SaudiChatGPT.app */,
			);
			name = Products;
			sourceTree = "<group>";
		};
		62B46FB329C240DE00C362E8 /* SaudiChatGPT */ = {
			isa = PBXGroup;
			children = (
				62B46FC429C26CD700C362E8 /* OldOpenAIService.swift */,
				1C5FF41429C5D00B009C28CD /* SplashScreen.swift */,
				1C5FF41629C5D026009C28CD /* OnBoarding.swift */,
				4DA470CF29C3B0C500014544 /* OpenAIService.swift */,
				62B46FB429C240DE00C362E8 /* SaudiChatGPTApp.swift */,
				4D3AA99C29C4E650000C1DE0 /* InvestigationView.swift */,
				62B46FB829C240E000C362E8 /* Assets.xcassets */,
				62B46FBA29C240E000C362E8 /* Preview Content */,
			);
			path = SaudiChatGPT;
			sourceTree = "<group>";
		};
		62B46FBA29C240E000C362E8 /* Preview Content */ = {
			isa = PBXGroup;
			children = (
				62B46FBB29C240E000C362E8 /* Preview Assets.xcassets */,
			);
			path = "Preview Content";
			sourceTree = "<group>";
		};
/* End PBXGroup section */

/* Begin PBXNativeTarget section */
		62B46FB029C240DE00C362E8 /* SaudiChatGPT */ = {
			isa = PBXNativeTarget;
			buildConfigurationList = 62B46FBF29C240E000C362E8 /* Build configuration list for PBXNativeTarget "SaudiChatGPT" */;
			buildPhases = (
				62B46FAD29C240DE00C362E8 /* Sources */,
				62B46FAE29C240DE00C362E8 /* Frameworks */,
				62B46FAF29C240DE00C362E8 /* Resources */,
			);
			buildRules = (
			);
			dependencies = (
			);
			name = SaudiChatGPT;
			packageProductDependencies = (
				62B46FC729C26D5700C362E8 /* Alamofire */,
			);
			productName = SaudiChatGPT;
			productReference = 62B46FB129C240DE00C362E8 /* SaudiChatGPT.app */;
			productType = "com.apple.product-type.application";
		};
/* End PBXNativeTarget section */

/* Begin PBXProject section */
		62B46FA929C240DE00C362E8 /* Project object */ = {
			isa = PBXProject;
			attributes = {
				BuildIndependentTargetsInParallel = 1;
				LastSwiftUpdateCheck = 1420;
				LastUpgradeCheck = 1420;
				TargetAttributes = {
					62B46FB029C240DE00C362E8 = {
						CreatedOnToolsVersion = 14.2;
					};
				};
			};
			buildConfigurationList = 62B46FAC29C240DE00C362E8 /* Build configuration list for PBXProject "SaudiChatGPT" */;
			compatibilityVersion = "Xcode 14.0";
			developmentRegion = en;
			hasScannedForEncodings = 0;
			knownRegions = (
				en,
				Base,
			);
			mainGroup = 62B46FA829C240DE00C362E8;
			packageReferences = (
				62B46FC629C26D5700C362E8 /* XCRemoteSwiftPackageReference "Alamofire" */,
			);
			productRefGroup = 62B46FB229C240DE00C362E8 /* Products */;
			projectDirPath = "";
			projectRoot = "";
			targets = (
				62B46FB029C240DE00C362E8 /* SaudiChatGPT */,
			);
		};
/* End PBXProject section */

/* Begin PBXResourcesBuildPhase section */
		62B46FAF29C240DE00C362E8 /* Resources */ = {
			isa = PBXResourcesBuildPhase;
			buildActionMask = 2147483647;
			files = (
				62B46FBC29C240E000C362E8 /* Preview Assets.xcassets in Resources */,
				62B46FB929C240E000C362E8 /* Assets.xcassets in Resources */,
			);
			runOnlyForDeploymentPostprocessing = 0;
		};
/* End PBXResourcesBuildPhase section */

/* Begin PBXSourcesBuildPhase section */
		62B46FAD29C240DE00C362E8 /* Sources */ = {
			isa = PBXSourcesBuildPhase;
			buildActionMask = 2147483647;
			files = (
				62B46FB529C240DE00C362E8 /* SaudiChatGPTApp.swift in Sources */,
				1C5FF41529C5D00B009C28CD /* SplashScreen.swift in Sources */,
				4DA470D029C3B0C500014544 /* OpenAIService.swift in Sources */,
				62B46FC529C26CD700C362E8 /* OldOpenAIService.swift in Sources */,
				1C5FF41729C5D026009C28CD /* OnBoarding.swift in Sources */,
				4D3AA99D29C4E650000C1DE0 /* InvestigationView.swift in Sources */,
			);
			runOnlyForDeploymentPostprocessing = 0;
		};
/* End PBXSourcesBuildPhase section */

/* Begin XCBuildConfiguration section */
		62B46FBD29C240E000C362E8 /* Debug */ = {
			isa = XCBuildConfiguration;
			buildSettings = {
				ALWAYS_SEARCH_USER_PATHS = NO;
				CLANG_ANALYZER_NONNULL = YES;
				CLANG_ANALYZER_NUMBER_OBJECT_CONVERSION = YES_AGGRESSIVE;
				CLANG_CXX_LANGUAGE_STANDARD = "gnu++20";
				CLANG_ENABLE_MODULES = YES;
				CLANG_ENABLE_OBJC_ARC = YES;
				CLANG_ENABLE_OBJC_WEAK = YES;
				CLANG_WARN_BLOCK_CAPTURE_AUTORELEASING = YES;
				CLANG_WARN_BOOL_CONVERSION = YES;
				CLANG_WARN_COMMA = YES;
				CLANG_WARN_CONSTANT_CONVERSION = YES;
				CLANG_WARN_DEPRECATED_OBJC_IMPLEMENTATIONS = YES;
				CLANG_WARN_DIRECT_OBJC_ISA_USAGE = YES_ERROR;
				CLANG_WARN_DOCUMENTATION_COMMENTS = YES;
				CLANG_WARN_EMPTY_BODY = YES;
				CLANG_WARN_ENUM_CONVERSION = YES;
				CLANG_WARN_INFINITE_RECURSION = YES;
				CLANG_WARN_INT_CONVERSION = YES;
				CLANG_WARN_NON_LITERAL_NULL_CONVERSION = YES;
				CLANG_WARN_OBJC_IMPLICIT_RETAIN_SELF = YES;
				CLANG_WARN_OBJC_LITERAL_CONVERSION = YES;
				CLANG_WARN_OBJC_ROOT_CLASS = YES_ERROR;
				CLANG_WARN_QUOTED_INCLUDE_IN_FRAMEWORK_HEADER = YES;
				CLANG_WARN_RANGE_LOOP_ANALYSIS = YES;
				CLANG_WARN_STRICT_PROTOTYPES = YES;
				CLANG_WARN_SUSPICIOUS_MOVE = YES;
				CLANG_WARN_UNGUARDED_AVAILABILITY = YES_AGGRESSIVE;
				CLANG_WARN_UNREACHABLE_CODE = YES;
				CLANG_WARN__DUPLICATE_METHOD_MATCH = YES;
				COPY_PHASE_STRIP = NO;
				DEBUG_INFORMATION_FORMAT = dwarf;
				ENABLE_STRICT_OBJC_MSGSEND = YES;
				ENABLE_TESTABILITY = YES;
				GCC_C_LANGUAGE_STANDARD = gnu11;
				GCC_DYNAMIC_NO_PIC = NO;
				GCC_NO_COMMON_BLOCKS = YES;
				GCC_OPTIMIZATION_LEVEL = 0;
				GCC_PREPROCESSOR_DEFINITIONS = (
					"DEBUG=1",
					"$(inherited)",
				);
				GCC_WARN_64_TO_32_BIT_CONVERSION = YES;
				GCC_WARN_ABOUT_RETURN_TYPE = YES_ERROR;
				GCC_WARN_UNDECLARED_SELECTOR = YES;
				GCC_WARN_UNINITIALIZED_AUTOS = YES_AGGRESSIVE;
				GCC_WARN_UNUSED_FUNCTION = YES;
				GCC_WARN_UNUSED_VARIABLE = YES;
				IPHONEOS_DEPLOYMENT_TARGET = 16.2;
				MTL_ENABLE_DEBUG_INFO = INCLUDE_SOURCE;
				MTL_FAST_MATH = YES;
				ONLY_ACTIVE_ARCH = YES;
				SDKROOT = iphoneos;
				SWIFT_ACTIVE_COMPILATION_CONDITIONS = DEBUG;
				SWIFT_OPTIMIZATION_LEVEL = "-Onone";
			};
			name = Debug;
		};
		62B46FBE29C240E000C362E8 /* Release */ = {
			isa = XCBuildConfiguration;
			buildSettings = {
				ALWAYS_SEARCH_USER_PATHS = NO;
				CLANG_ANALYZER_NONNULL = YES;
				CLANG_ANALYZER_NUMBER_OBJECT_CONVERSION = YES_AGGRESSIVE;
				CLANG_CXX_LANGUAGE_STANDARD = "gnu++20";
				CLANG_ENABLE_MODULES = YES;
				CLANG_ENABLE_OBJC_ARC = YES;
				CLANG_ENABLE_OBJC_WEAK = YES;
				CLANG_WARN_BLOCK_CAPTURE_AUTORELEASING = YES;
				CLANG_WARN_BOOL_CONVERSION = YES;
				CLANG_WARN_COMMA = YES;
				CLANG_WARN_CONSTANT_CONVERSION = YES;
				CLANG_WARN_DEPRECATED_OBJC_IMPLEMENTATIONS = YES;
				CLANG_WARN_DIRECT_OBJC_ISA_USAGE = YES_ERROR;
				CLANG_WARN_DOCUMENTATION_COMMENTS = YES;
				CLANG_WARN_EMPTY_BODY = YES;
				CLANG_WARN_ENUM_CONVERSION = YES;
				CLANG_WARN_INFINITE_RECURSION = YES;
				CLANG_WARN_INT_CONVERSION = YES;
				CLANG_WARN_NON_LITERAL_NULL_CONVERSION = YES;
				CLANG_WARN_OBJC_IMPLICIT_RETAIN_SELF = YES;
				CLANG_WARN_OBJC_LITERAL_CONVERSION = YES;
				CLANG_WARN_OBJC_ROOT_CLASS = YES_ERROR;
				CLANG_WARN_QUOTED_INCLUDE_IN_FRAMEWORK_HEADER = YES;
				CLANG_WARN_RANGE_LOOP_ANALYSIS = YES;
				CLANG_WARN_STRICT_PROTOTYPES = YES;
				CLANG_WARN_SUSPICIOUS_MOVE = YES;
				CLANG_WARN_UNGUARDED_AVAILABILITY = YES_AGGRESSIVE;
				CLANG_WARN_UNREACHABLE_CODE = YES;
				CLANG_WARN__DUPLICATE_METHOD_MATCH = YES;
				COPY_PHASE_STRIP = NO;
				DEBUG_INFORMATION_FORMAT = "dwarf-with-dsym";
				ENABLE_NS_ASSERTIONS = NO;
				ENABLE_STRICT_OBJC_MSGSEND = YES;
				GCC_C_LANGUAGE_STANDARD = gnu11;
				GCC_NO_COMMON_BLOCKS = YES;
				GCC_WARN_64_TO_32_BIT_CONVERSION = YES;
				GCC_WARN_ABOUT_RETURN_TYPE = YES_ERROR;
				GCC_WARN_UNDECLARED_SELECTOR = YES;
				GCC_WARN_UNINITIALIZED_AUTOS = YES_AGGRESSIVE;
				GCC_WARN_UNUSED_FUNCTION = YES;
				GCC_WARN_UNUSED_VARIABLE = YES;
				IPHONEOS_DEPLOYMENT_TARGET = 16.2;
				MTL_ENABLE_DEBUG_INFO = NO;
				MTL_FAST_MATH = YES;
				SDKROOT = iphoneos;
				SWIFT_COMPILATION_MODE = wholemodule;
				SWIFT_OPTIMIZATION_LEVEL = "-O";
				VALIDATE_PRODUCT = YES;
			};
			name = Release;
		};
		62B46FC029C240E000C362E8 /* Debug */ = {
			isa = XCBuildConfiguration;
			buildSettings = {
				ASSETCATALOG_COMPILER_APPICON_NAME = AppIcon;
				ASSETCATALOG_COMPILER_GLOBAL_ACCENT_COLOR_NAME = AccentColor;
				CODE_SIGN_STYLE = Automatic;
				CURRENT_PROJECT_VERSION = 1;
				DEVELOPMENT_ASSET_PATHS = "\"SaudiChatGPT/Preview Content\"";
				DEVELOPMENT_TEAM = 2KXVWCLZH6;
				ENABLE_PREVIEWS = YES;
				GENERATE_INFOPLIST_FILE = YES;
				INFOPLIST_KEY_UIApplicationSceneManifest_Generation = YES;
				INFOPLIST_KEY_UIApplicationSupportsIndirectInputEvents = YES;
				INFOPLIST_KEY_UILaunchScreen_Generation = YES;
				INFOPLIST_KEY_UISupportedInterfaceOrientations_iPad = "UIInterfaceOrientationPortrait UIInterfaceOrientationPortraitUpsideDown UIInterfaceOrientationLandscapeLeft UIInterfaceOrientationLandscapeRight";
				INFOPLIST_KEY_UISupportedInterfaceOrientations_iPhone = "UIInterfaceOrientationPortrait UIInterfaceOrientationLandscapeLeft UIInterfaceOrientationLandscapeRight";
				LD_RUNPATH_SEARCH_PATHS = (
					"$(inherited)",
					"@executable_path/Frameworks",
				);
				MARKETING_VERSION = 1.0;
				PRODUCT_BUNDLE_IDENTIFIER = com.MashaelAlghunaim.SaudiChatGPT;
				PRODUCT_NAME = "$(TARGET_NAME)";
				SWIFT_EMIT_LOC_STRINGS = YES;
				SWIFT_VERSION = 5.0;
				TARGETED_DEVICE_FAMILY = "1,2";
			};
			name = Debug;
		};
		62B46FC129C240E000C362E8 /* Release */ = {
			isa = XCBuildConfiguration;
			buildSettings = {
				ASSETCATALOG_COMPILER_APPICON_NAME = AppIcon;
				ASSETCATALOG_COMPILER_GLOBAL_ACCENT_COLOR_NAME = AccentColor;
				CODE_SIGN_STYLE = Automatic;
				CURRENT_PROJECT_VERSION = 1;
				DEVELOPMENT_ASSET_PATHS = "\"SaudiChatGPT/Preview Content\"";
				DEVELOPMENT_TEAM = 2KXVWCLZH6;
				ENABLE_PREVIEWS = YES;
				GENERATE_INFOPLIST_FILE = YES;
				INFOPLIST_KEY_UIApplicationSceneManifest_Generation = YES;
				INFOPLIST_KEY_UIApplicationSupportsIndirectInputEvents = YES;
				INFOPLIST_KEY_UILaunchScreen_Generation = YES;
				INFOPLIST_KEY_UISupportedInterfaceOrientations_iPad = "UIInterfaceOrientationPortrait UIInterfaceOrientationPortraitUpsideDown UIInterfaceOrientationLandscapeLeft UIInterfaceOrientationLandscapeRight";
				INFOPLIST_KEY_UISupportedInterfaceOrientations_iPhone = "UIInterfaceOrientationPortrait UIInterfaceOrientationLandscapeLeft UIInterfaceOrientationLandscapeRight";
				LD_RUNPATH_SEARCH_PATHS = (
					"$(inherited)",
					"@executable_path/Frameworks",
				);
				MARKETING_VERSION = 1.0;
				PRODUCT_BUNDLE_IDENTIFIER = com.MashaelAlghunaim.SaudiChatGPT;
				PRODUCT_NAME = "$(TARGET_NAME)";
				SWIFT_EMIT_LOC_STRINGS = YES;
				SWIFT_VERSION = 5.0;
				TARGETED_DEVICE_FAMILY = "1,2";
			};
			name = Release;
		};
/* End XCBuildConfiguration section */

/* Begin XCConfigurationList section */
		62B46FAC29C240DE00C362E8 /* Build configuration list for PBXProject "SaudiChatGPT" */ = {
			isa = XCConfigurationList;
			buildConfigurations = (
				62B46FBD29C240E000C362E8 /* Debug */,
				62B46FBE29C240E000C362E8 /* Release */,
			);
			defaultConfigurationIsVisible = 0;
			defaultConfigurationName = Release;
		};
		62B46FBF29C240E000C362E8 /* Build configuration list for PBXNativeTarget "SaudiChatGPT" */ = {
			isa = XCConfigurationList;
			buildConfigurations = (
				62B46FC029C240E000C362E8 /* Debug */,
				62B46FC129C240E000C362E8 /* Release */,
			);
			defaultConfigurationIsVisible = 0;
			defaultConfigurationName = Release;
		};
/* End XCConfigurationList section */

/* Begin XCRemoteSwiftPackageReference section */
		62B46FC629C26D5700C362E8 /* XCRemoteSwiftPackageReference "Alamofire" */ = {
			isa = XCRemoteSwiftPackageReference;
			repositoryURL = "https://github.com/Alamofire/Alamofire.git";
			requirement = {
				kind = upToNextMajorVersion;
				minimumVersion = 5.0.0;
			};
		};
/* End XCRemoteSwiftPackageReference section */

/* Begin XCSwiftPackageProductDependency section */
		62B46FC729C26D5700C362E8 /* Alamofire */ = {
			isa = XCSwiftPackageProductDependency;
			package = 62B46FC629C26D5700C362E8 /* XCRemoteSwiftPackageReference "Alamofire" */;
			productName = Alamofire;
		};
/* End XCSwiftPackageProductDependency section */
	};
	rootObject = 62B46FA929C240DE00C362E8 /* Project object */;
}
